
Microsoft Visual Studio Solution File, Format Version 12.00
# Visual Studio Version 17
VisualStudioVersion = 17.13.35825.156 d17.13
MinimumVisualStudioVersion = 10.0.40219.1
Project("{FAE04EC0-301F-11D3-BF4B-00C04F79EFBC}") = "Employee Management System", "Employee Management System\Employee Management System.csproj", "{25CFC04C-5CA2-4690-8C34-50D52088B023}"
EndProject
Global
	GlobalSection(SolutionConfigurationPlatforms) = preSolution
		Debug|Any CPU = Debug|Any CPU
		Release|Any CPU = Release|Any CPU
	EndGlobalSection
	GlobalSection(ProjectConfigurationPlatforms) = postSolution
		{25CFC04C-5CA2-4690-8C34-50D52088B023}.Debug|Any CPU.ActiveCfg = Debug|Any CPU
		{25CFC04C-5CA2-4690-8C34-50D52088B023}.Debug|Any CPU.Build.0 = Debug|Any CPU
		{25CFC04C-5CA2-4690-8C34-50D52088B023}.Release|Any CPU.ActiveCfg = Release|Any CPU
		{25CFC04C-5CA2-4690-8C34-50D52088B023}.Release|Any CPU.Build.0 = Release|Any CPU
	EndGlobalSection
	GlobalSection(SolutionProperties) = preSolution
		HideSolutionNode = FALSE
	EndGlobalSection
	GlobalSection(ExtensibilityGlobals) = postSolution
		SolutionGuid = {CAFF1297-BD6D-4057-9C81-3A749A8D96D9}
	EndGlobalSection
EndGlobal
